
Microsoft Visual Studio Solution File, Format Version 12.00
# Visual Studio 15
VisualStudioVersion = 15.0.28307.1738
MinimumVisualStudioVersion = 10.0.40219.1
Project("{FAE04EC0-301F-11D3-BF4B-00C04F79EFBC}") = "WebAPIRoutingCode", "WebAPIRoutingCode\WebAPIRoutingCode.csproj", "{0F3A9C04-9D98-4A8C-9D99-C25685385F46}"
EndProject
Project("{FAE04EC0-301F-11D3-BF4B-00C04F79EFBC}") = "DAL1", "DAL1\DAL1.csproj", "{02F6841A-7948-4ECC-866B-1FCC8581A123}"
EndProject
Global
	GlobalSection(SolutionConfigurationPlatforms) = preSolution
		Debug|Any CPU = Debug|Any CPU
		Release|Any CPU = Release|Any CPU
	EndGlobalSection
	GlobalSection(ProjectConfigurationPlatforms) = postSolution
		{0F3A9C04-9D98-4A8C-9D99-C25685385F46}.Debug|Any CPU.ActiveCfg = Debug|Any CPU
		{0F3A9C04-9D98-4A8C-9D99-C25685385F46}.Debug|Any CPU.Build.0 = Debug|Any CPU
		{0F3A9C04-9D98-4A8C-9D99-C25685385F46}.Release|Any CPU.ActiveCfg = Release|Any CPU
		{0F3A9C04-9D98-4A8C-9D99-C25685385F46}.Release|Any CPU.Build.0 = Release|Any CPU
		{02F6841A-7948-4ECC-866B-1FCC8581A123}.Debug|Any CPU.ActiveCfg = Debug|Any CPU
		{02F6841A-7948-4ECC-866B-1FCC8581A123}.Debug|Any CPU.Build.0 = Debug|Any CPU
		{02F6841A-7948-4ECC-866B-1FCC8581A123}.Release|Any CPU.ActiveCfg = Release|Any CPU
		{02F6841A-7948-4ECC-866B-1FCC8581A123}.Release|Any CPU.Build.0 = Release|Any CPU
	EndGlobalSection
	GlobalSection(SolutionProperties) = preSolution
		HideSolutionNode = FALSE
	EndGlobalSection
	GlobalSection(ExtensibilityGlobals) = postSolution
		SolutionGuid = {CB81C628-B1FA-4B85-809D-22C0114CAF31}
	EndGlobalSection
EndGlobal
